
Microsoft Visual Studio Solution File, Format Version 12.00
# Visual Studio 15
VisualStudioVersion = 15.0.28307.329
MinimumVisualStudioVersion = 10.0.40219.1
Project("{F184B08F-C81C-45F6-A57F-5ABD9991F28F}") = "BackgroundVB", "BackgroundVB\BackgroundVB.vbproj", "{3A899926-B1C8-4010-A2A1-E2ADB93C42D6}"
EndProject
Global
	GlobalSection(SolutionConfigurationPlatforms) = preSolution
		Debug|ARM = Debug|ARM
		Debug|x64 = Debug|x64
		Debug|x86 = Debug|x86
		Release|ARM = Release|ARM
		Release|x64 = Release|x64
		Release|x86 = Release|x86
	EndGlobalSection
	GlobalSection(ProjectConfigurationPlatforms) = postSolution
		{3A899926-B1C8-4010-A2A1-E2ADB93C42D6}.Debug|ARM.ActiveCfg = Debug|ARM
		{3A899926-B1C8-4010-A2A1-E2ADB93C42D6}.Debug|ARM.Build.0 = Debug|ARM
		{3A899926-B1C8-4010-A2A1-E2ADB93C42D6}.Debug|ARM.Deploy.0 = Debug|ARM
		{3A899926-B1C8-4010-A2A1-E2ADB93C42D6}.Debug|x64.ActiveCfg = Debug|x64
		{3A899926-B1C8-4010-A2A1-E2ADB93C42D6}.Debug|x64.Build.0 = Debug|x64
		{3A899926-B1C8-4010-A2A1-E2ADB93C42D6}.Debug|x64.Deploy.0 = Debug|x64
		{3A899926-B1C8-4010-A2A1-E2ADB93C42D6}.Debug|x86.ActiveCfg = Debug|x86
		{3A899926-B1C8-4010-A2A1-E2ADB93C42D6}.Debug|x86.Build.0 = Debug|x86
		{3A899926-B1C8-4010-A2A1-E2ADB93C42D6}.Debug|x86.Deploy.0 = Debug|x86
		{3A899926-B1C8-4010-A2A1-E2ADB93C42D6}.Release|ARM.ActiveCfg = Release|ARM
		{3A899926-B1C8-4010-A2A1-E2ADB93C42D6}.Release|ARM.Build.0 = Release|ARM
		{3A899926-B1C8-4010-A2A1-E2ADB93C42D6}.Release|ARM.Deploy.0 = Release|ARM
		{3A899926-B1C8-4010-A2A1-E2ADB93C42D6}.Release|x64.ActiveCfg = Release|x64
		{3A899926-B1C8-4010-A2A1-E2ADB93C42D6}.Release|x64.Build.0 = Release|x64
		{3A899926-B1C8-4010-A2A1-E2ADB93C42D6}.Release|x64.Deploy.0 = Release|x64
		{3A899926-B1C8-4010-A2A1-E2ADB93C42D6}.Release|x86.ActiveCfg = Release|x86
		{3A899926-B1C8-4010-A2A1-E2ADB93C42D6}.Release|x86.Build.0 = Release|x86
		{3A899926-B1C8-4010-A2A1-E2ADB93C42D6}.Release|x86.Deploy.0 = Release|x86
	EndGlobalSection
	GlobalSection(SolutionProperties) = preSolution
		HideSolutionNode = FALSE
	EndGlobalSection
	GlobalSection(ExtensibilityGlobals) = postSolution
		SolutionGuid = {670C66F6-A554-4865-912C-EC4765A7DC08}
	EndGlobalSection
EndGlobal
